
Microsoft Visual Studio Solution File, Format Version 12.00
# Visual Studio Version 17
VisualStudioVersion = 17.2.32519.379
MinimumVisualStudioVersion = 10.0.40219.1
Project("{9A19103F-16F7-4668-BE54-9A1E7A4F7556}") = "CsharpPowerView", "CsharpPowerview\CsharpPowerView.csproj", "{9F054140-6388-4C73-AF6B-640B7BE4BA8F}"
EndProject
Project("{FAE04EC0-301F-11D3-BF4B-00C04F79EFBC}") = "CsharpPowerViewTest", "CsharpPowerViewTest\CsharpPowerViewTest.csproj", "{43CAA22D-6EC8-4C86-BF86-592FB60CFBBE}"
EndProject
Global
	GlobalSection(SolutionConfigurationPlatforms) = preSolution
		Debug|Any CPU = Debug|Any CPU
		Release|Any CPU = Release|Any CPU
	EndGlobalSection
	GlobalSection(ProjectConfigurationPlatforms) = postSolution
		{9F054140-6388-4C73-AF6B-640B7BE4BA8F}.Debug|Any CPU.ActiveCfg = Debug|Any CPU
		{9F054140-6388-4C73-AF6B-640B7BE4BA8F}.Debug|Any CPU.Build.0 = Debug|Any CPU
		{9F054140-6388-4C73-AF6B-640B7BE4BA8F}.Release|Any CPU.ActiveCfg = Release|Any CPU
		{9F054140-6388-4C73-AF6B-640B7BE4BA8F}.Release|Any CPU.Build.0 = Release|Any CPU
		{43CAA22D-6EC8-4C86-BF86-592FB60CFBBE}.Debug|Any CPU.ActiveCfg = Debug|Any CPU
		{43CAA22D-6EC8-4C86-BF86-592FB60CFBBE}.Debug|Any CPU.Build.0 = Debug|Any CPU
		{43CAA22D-6EC8-4C86-BF86-592FB60CFBBE}.Release|Any CPU.ActiveCfg = Release|Any CPU
		{43CAA22D-6EC8-4C86-BF86-592FB60CFBBE}.Release|Any CPU.Build.0 = Release|Any CPU
	EndGlobalSection
	GlobalSection(SolutionProperties) = preSolution
		HideSolutionNode = FALSE
	EndGlobalSection
	GlobalSection(ExtensibilityGlobals) = postSolution
		SolutionGuid = {92B6834D-8884-4F72-8B9B-7299F3E8BBDA}
	EndGlobalSection
EndGlobal
